
Microsoft Visual Studio Solution File, Format Version 12.00
# Visual Studio Version 17
VisualStudioVersion = 17.3.32929.385
MinimumVisualStudioVersion = 10.0.40219.1
Project("{FAE04EC0-301F-11D3-BF4B-00C04F79EFBC}") = "WebApplication1", "WebApplication1\WebApplication1.csproj", "{86672209-51FC-441C-B69F-1A84841CC3D4}"
EndProject
Project("{FAE04EC0-301F-11D3-BF4B-00C04F79EFBC}") = "data", "data\data.csproj", "{86481FB8-C27A-4A9F-A34F-4EBE7EAEA71E}"
EndProject
Global
	GlobalSection(SolutionConfigurationPlatforms) = preSolution
		Debug|Any CPU = Debug|Any CPU
		Release|Any CPU = Release|Any CPU
	EndGlobalSection
	GlobalSection(ProjectConfigurationPlatforms) = postSolution
		{86672209-51FC-441C-B69F-1A84841CC3D4}.Debug|Any CPU.ActiveCfg = Debug|Any CPU
		{86672209-51FC-441C-B69F-1A84841CC3D4}.Debug|Any CPU.Build.0 = Debug|Any CPU
		{86672209-51FC-441C-B69F-1A84841CC3D4}.Release|Any CPU.ActiveCfg = Release|Any CPU
		{86672209-51FC-441C-B69F-1A84841CC3D4}.Release|Any CPU.Build.0 = Release|Any CPU
		{86481FB8-C27A-4A9F-A34F-4EBE7EAEA71E}.Debug|Any CPU.ActiveCfg = Debug|Any CPU
		{86481FB8-C27A-4A9F-A34F-4EBE7EAEA71E}.Debug|Any CPU.Build.0 = Debug|Any CPU
		{86481FB8-C27A-4A9F-A34F-4EBE7EAEA71E}.Release|Any CPU.ActiveCfg = Release|Any CPU
		{86481FB8-C27A-4A9F-A34F-4EBE7EAEA71E}.Release|Any CPU.Build.0 = Release|Any CPU
	EndGlobalSection
	GlobalSection(SolutionProperties) = preSolution
		HideSolutionNode = FALSE
	EndGlobalSection
	GlobalSection(ExtensibilityGlobals) = postSolution
		SolutionGuid = {DFD35F5C-57CA-4DB8-AD68-135C73C979D9}
	EndGlobalSection
EndGlobal
